{
  "name": "patterns",
  "version": "1.0.0",
  "lockfileVersion": 1,
  "requires": true,
  "dependencies": {
    "faker-br": {
      "version": "0.4.1",
      "resolved": "https://registry.npmjs.org/faker-br/-/faker-br-0.4.1.tgz",
      "integrity": "sha512-uTAynWKxq9pA9TV5/AilYxjwxLIDyXDww1r7hsoADFYTdDXoBpP9WOz0PvcDxF+ya7cIX08VOAN2n2dDaRtVkQ=="
    }
  }
}
